
Microsoft Visual Studio Solution File, Format Version 12.00
# Visual Studio Version 16
VisualStudioVersion = 16.0.29709.97
MinimumVisualStudioVersion = 10.0.40219.1
Project("{FAE04EC0-301F-11D3-BF4B-00C04F79EFBC}") = "AdvertApi", "AdvertApi.csproj", "{5536F5D4-2443-40AC-88A2-DFFBB4730060}"
EndProject
Project("{FAE04EC0-301F-11D3-BF4B-00C04F79EFBC}") = "AdvertApi.Models", "..\AdvertApi.Models\AdvertApi.Models.csproj", "{304C988D-5FA3-46A4-BFC5-C01A5994A946}"
EndProject
Global
	GlobalSection(SolutionConfigurationPlatforms) = preSolution
		Debug|Any CPU = Debug|Any CPU
		Release|Any CPU = Release|Any CPU
	EndGlobalSection
	GlobalSection(ProjectConfigurationPlatforms) = postSolution
		{5536F5D4-2443-40AC-88A2-DFFBB4730060}.Debug|Any CPU.ActiveCfg = Debug|Any CPU
		{5536F5D4-2443-40AC-88A2-DFFBB4730060}.Debug|Any CPU.Build.0 = Debug|Any CPU
		{5536F5D4-2443-40AC-88A2-DFFBB4730060}.Release|Any CPU.ActiveCfg = Release|Any CPU
		{5536F5D4-2443-40AC-88A2-DFFBB4730060}.Release|Any CPU.Build.0 = Release|Any CPU
		{304C988D-5FA3-46A4-BFC5-C01A5994A946}.Debug|Any CPU.ActiveCfg = Debug|Any CPU
		{304C988D-5FA3-46A4-BFC5-C01A5994A946}.Debug|Any CPU.Build.0 = Debug|Any CPU
		{304C988D-5FA3-46A4-BFC5-C01A5994A946}.Release|Any CPU.ActiveCfg = Release|Any CPU
		{304C988D-5FA3-46A4-BFC5-C01A5994A946}.Release|Any CPU.Build.0 = Release|Any CPU
	EndGlobalSection
	GlobalSection(SolutionProperties) = preSolution
		HideSolutionNode = FALSE
	EndGlobalSection
	GlobalSection(ExtensibilityGlobals) = postSolution
		SolutionGuid = {5F0A6AA1-00B1-4157-B913-7DDC45DAB29B}
	EndGlobalSection
EndGlobal
